# THIS IS AN AUTOGENERATED FILE. DO NOT EDIT THIS FILE DIRECTLY.
# yarn lockfile v1


dotenv@^9.0.1:
  version "9.0.1"
  resolved "https://registry.yarnpkg.com/dotenv/-/dotenv-9.0.1.tgz#a889a28a3a515812dde1e7f8183ef5cdf3186b97"
  integrity sha512-W8FNeNnnvJoYfgkFRKzp8kTgz0T2YY4TJ9xy1Ma0hSebPTK8iquRtpG12TUrSTX5zIN9D/wSLEEuI+Ad35tlyw==
